// !$*UTF8*$!
{
	archiveVersion = 1;
	classes = {
	};
	objectVersion = 46;
	objects = {

/* Begin PBXBuildFile section */
		F5A401D61C969F94000956D8 /* AppDelegate.swift in Sources */ = {isa = PBXBuildFile; fileRef = F5A401D51C969F94000956D8 /* AppDelegate.swift */; };
		F5A401D81C969F94000956D8 /* GameScene.sks in Resources */ = {isa = PBXBuildFile; fileRef = F5A401D71C969F94000956D8 /* GameScene.sks */; };
		F5A401DA1C969F94000956D8 /* GameScene.swift in Sources */ = {isa = PBXBuildFile; fileRef = F5A401D91C969F94000956D8 /* GameScene.swift */; };
		F5A401DC1C969F94000956D8 /* GameViewController.swift in Sources */ = {isa = PBXBuildFile; fileRef = F5A401DB1C969F94000956D8 /* GameViewController.swift */; };
		F5A401DF1C969F94000956D8 /* Main.storyboard in Resources */ = {isa = PBXBuildFile; fileRef = F5A401DD1C969F94000956D8 /* Main.storyboard */; };
		F5A401E11C969F94000956D8 /* Assets.xcassets in Resources */ = {isa = PBXBuildFile; fileRef = F5A401E01C969F94000956D8 /* Assets.xcassets */; };
		F5A401E41C969F94000956D8 /* LaunchScreen.storyboard in Resources */ = {isa = PBXBuildFile; fileRef = F5A401E21C969F94000956D8 /* LaunchScreen.storyboard */; };
		F5A401EE1C96A1F9000956D8 /* Char.png in Resources */ = {isa = PBXBuildFile; fileRef = F5A401EB1C96A1F9000956D8 /* Char.png */; };
		F5A401EF1C96A1F9000956D8 /* Enemy.png in Resources */ = {isa = PBXBuildFile; fileRef = F5A401EC1C96A1F9000956D8 /* Enemy.png */; };
		F5A401F01C96A1F9000956D8 /* Field.png in Resources */ = {isa = PBXBuildFile; fileRef = F5A401ED1C96A1F9000956D8 /* Field.png */; };
/* End PBXBuildFile section */

/* Begin PBXFileReference section */
		F5A401D21C969F93000956D8 /* sampleGame.app */ = {isa = PBXFileReference; explicitFileType = wrapper.application; includeInIndex = 0; path = sampleGame.app; sourceTree = BUILT_PRODUCTS_DIR; };
		F5A401D51C969F94000956D8 /* AppDelegate.swift */ = {isa = PBXFileReference; lastKnownFileType = sourcecode.swift; path = AppDelegate.swift; sourceTree = "<group>"; };
		F5A401D71C969F94000956D8 /* GameScene.sks */ = {isa = PBXFileReference; lastKnownFileType = file.sks; path = GameScene.sks; sourceTree = "<group>"; };
		F5A401D91C969F94000956D8 /* GameScene.swift */ = {isa = PBXFileReference; lastKnownFileType = sourcecode.swift; path = GameScene.swift; sourceTree = "<group>"; };
		F5A401DB1C969F94000956D8 /* GameViewController.swift */ = {isa = PBXFileReference; lastKnownFileType = sourcecode.swift; path = GameViewController.swift; sourceTree = "<group>"; };
		F5A401DE1C969F94000956D8 /* Base */ = {isa = PBXFileReference; lastKnownFileType = file.storyboard; name = Base; path = Base.lproj/Main.storyboard; sourceTree = "<group>"; };
		F5A401E01C969F94000956D8 /* Assets.xcassets */ = {isa = PBXFileReference; lastKnownFileType = folder.assetcatalog; path = Assets.xcassets; sourceTree = "<group>"; };
		F5A401E31C969F94000956D8 /* Base */ = {isa = PBXFileReference; lastKnownFileType = file.storyboard; name = Base; path = Base.lproj/LaunchScreen.storyboard; sourceTree = "<group>"; };
		F5A401E51C969F94000956D8 /* Info.plist */ = {isa = PBXFileReference; lastKnownFileType = text.plist.xml; path = Info.plist; sourceTree = "<group>"; };
		F5A401EB1C96A1F9000956D8 /* Char.png */ = {isa = PBXFileReference; lastKnownFileType = image.png; name = Char.png; path = Assets.xcassets/Char.png; sourceTree = "<group>"; };
		F5A401EC1C96A1F9000956D8 /* Enemy.png */ = {isa = PBXFileReference; lastKnownFileType = image.png; name = Enemy.png; path = Assets.xcassets/Enemy.png; sourceTree = "<group>"; };
		F5A401ED1C96A1F9000956D8 /* Field.png */ = {isa = PBXFileReference; lastKnownFileType = image.png; name = Field.png; path = Assets.xcassets/Field.png; sourceTree = "<group>"; };
/* End PBXFileReference section */

/* Begin PBXFrameworksBuildPhase section */
		F5A401CF1C969F93000956D8 /* Frameworks */ = {
			isa = PBXFrameworksBuildPhase;
			buildActionMask = 2147483647;
			files = (
			);
			runOnlyForDeploymentPostprocessing = 0;
		};
/* End PBXFrameworksBuildPhase section */

/* Begin PBXGroup section */
		F5A401C91C969F93000956D8 = {
			isa = PBXGroup;
			children = (
				F5A401D41C969F93000956D8 /* sampleGame */,
				F5A401D31C969F93000956D8 /* Products */,
			);
			sourceTree = "<group>";
		};
		F5A401D31C969F93000956D8 /* Products */ = {
			isa = PBXGroup;
			children = (
				F5A401D21C969F93000956D8 /* sampleGame.app */,
			);
			name = Products;
			sourceTree = "<group>";
		};
		F5A401D41C969F93000956D8 /* sampleGame */ = {
			isa = PBXGroup;
			children = (
				F5A401D51C969F94000956D8 /* AppDelegate.swift */,
				F5A401D71C969F94000956D8 /* GameScene.sks */,
				F5A401D91C969F94000956D8 /* GameScene.swift */,
				F5A401DB1C969F94000956D8 /* GameViewController.swift */,
				F5A401DD1C969F94000956D8 /* Main.storyboard */,
				F5A401E01C969F94000956D8 /* Assets.xcassets */,
				F5A401EB1C96A1F9000956D8 /* Char.png */,
				F5A401EC1C96A1F9000956D8 /* Enemy.png */,
				F5A401ED1C96A1F9000956D8 /* Field.png */,
				F5A401E21C969F94000956D8 /* LaunchScreen.storyboard */,
				F5A401E51C969F94000956D8 /* Info.plist */,
			);
			path = sampleGame;
			sourceTree = "<group>";
		};
/* End PBXGroup section */

/* Begin PBXNativeTarget section */
		F5A401D11C969F93000956D8 /* sampleGame */ = {
			isa = PBXNativeTarget;
			buildConfigurationList = F5A401E81C969F94000956D8 /* Build configuration list for PBXNativeTarget "sampleGame" */;
			buildPhases = (
				F5A401CE1C969F93000956D8 /* Sources */,
				F5A401CF1C969F93000956D8 /* Frameworks */,
				F5A401D01C969F93000956D8 /* Resources */,
			);
			buildRules = (
			);
			dependencies = (
			);
			name = sampleGame;
			productName = sampleGame;
			productReference = F5A401D21C969F93000956D8 /* sampleGame.app */;
			productType = "com.apple.product-type.application";
		};
/* End PBXNativeTarget section */

/* Begin PBXProject section */
		F5A401CA1C969F93000956D8 /* Project object */ = {
			isa = PBXProject;
			attributes = {
				LastSwiftUpdateCheck = 0720;
				LastUpgradeCheck = 0720;
				ORGANIZATIONNAME = "Hiroki Shimada";
				TargetAttributes = {
					F5A401D11C969F93000956D8 = {
						CreatedOnToolsVersion = 7.2;
					};
				};
			};
			buildConfigurationList = F5A401CD1C969F93000956D8 /* Build configuration list for PBXProject "sampleGame" */;
			compatibilityVersion = "Xcode 3.2";
			developmentRegion = English;
			hasScannedForEncodings = 0;
			knownRegions = (
				en,
				Base,
			);
			mainGroup = F5A401C91C969F93000956D8;
			productRefGroup = F5A401D31C969F93000956D8 /* Products */;
			projectDirPath = "";
			projectRoot = "";
			targets = (
				F5A401D11C969F93000956D8 /* sampleGame */,
			);
		};
/* End PBXProject section */

/* Begin PBXResourcesBuildPhase section */
		F5A401D01C969F93000956D8 /* Resources */ = {
			isa = PBXResourcesBuildPhase;
			buildActionMask = 2147483647;
			files = (
				F5A401EF1C96A1F9000956D8 /* Enemy.png in Resources */,
				F5A401D81C969F94000956D8 /* GameScene.sks in Resources */,
				F5A401F01C96A1F9000956D8 /* Field.png in Resources */,
				F5A401E41C969F94000956D8 /* LaunchScreen.storyboard in Resources */,
				F5A401EE1C96A1F9000956D8 /* Char.png in Resources */,
				F5A401E11C969F94000956D8 /* Assets.xcassets in Resources */,
				F5A401DF1C969F94000956D8 /* Main.storyboard in Resources */,
			);
			runOnlyForDeploymentPostprocessing = 0;
		};
/* End PBXResourcesBuildPhase section */

/* Begin PBXSourcesBuildPhase section */
		F5A401CE1C969F93000956D8 /* Sources */ = {
			isa = PBXSourcesBuildPhase;
			buildActionMask = 2147483647;
			files = (
				F5A401DA1C969F94000956D8 /* GameScene.swift in Sources */,
				F5A401DC1C969F94000956D8 /* GameViewController.swift in Sources */,
				F5A401D61C969F94000956D8 /* AppDelegate.swift in Sources */,
			);
			runOnlyForDeploymentPostprocessing = 0;
		};
/* End PBXSourcesBuildPhase section */

/* Begin PBXVariantGroup section */
		F5A401DD1C969F94000956D8 /* Main.storyboard */ = {
			isa = PBXVariantGroup;
			children = (
				F5A401DE1C969F94000956D8 /* Base */,
			);
			name = Main.storyboard;
			sourceTree = "<group>";
		};
		F5A401E21C969F94000956D8 /* LaunchScreen.storyboard */ = {
			isa = PBXVariantGroup;
			children = (
				F5A401E31C969F94000956D8 /* Base */,
			);
			name = LaunchScreen.storyboard;
			sourceTree = "<group>";
		};
/* End PBXVariantGroup section */

/* Begin XCBuildConfiguration section */
		F5A401E61C969F94000956D8 /* Debug */ = {
			isa = XCBuildConfiguration;
			buildSettings = {
				ALWAYS_SEARCH_USER_PATHS = NO;
				CLANG_CXX_LANGUAGE_STANDARD = "gnu++0x";
				CLANG_CXX_LIBRARY = "libc++";
				CLANG_ENABLE_MODULES = YES;
				CLANG_ENABLE_OBJC_ARC = YES;
				CLANG_WARN_BOOL_CONVERSION = YES;
				CLANG_WARN_CONSTANT_CONVERSION = YES;
				CLANG_WARN_DIRECT_OBJC_ISA_USAGE = YES_ERROR;
				CLANG_WARN_EMPTY_BODY = YES;
				CLANG_WARN_ENUM_CONVERSION = YES;
				CLANG_WARN_INT_CONVERSION = YES;
				CLANG_WARN_OBJC_ROOT_CLASS = YES_ERROR;
				CLANG_WARN_UNREACHABLE_CODE = YES;
				CLANG_WARN__DUPLICATE_METHOD_MATCH = YES;
				"CODE_SIGN_IDENTITY[sdk=iphoneos*]" = "iPhone Developer";
				COPY_PHASE_STRIP = NO;
				DEBUG_INFORMATION_FORMAT = "dwarf-with-dsym";
				ENABLE_STRICT_OBJC_MSGSEND = YES;
				ENABLE_TESTABILITY = YES;
				GCC_C_LANGUAGE_STANDARD = gnu99;
				GCC_DYNAMIC_NO_PIC = NO;
				GCC_NO_COMMON_BLOCKS = YES;
				GCC_OPTIMIZATION_LEVEL = 0;
				GCC_PREPROCESSOR_DEFINITIONS = (
					"DEBUG=1",
					"$(inherited)",
				);
				GCC_WARN_64_TO_32_BIT_CONVERSION = YES;
				GCC_WARN_ABOUT_RETURN_TYPE = YES_ERROR;
				GCC_WARN_UNDECLARED_SELECTOR = YES;
				GCC_WARN_UNINITIALIZED_AUTOS = YES_AGGRESSIVE;
				GCC_WARN_UNUSED_FUNCTION = YES;
				GCC_WARN_UNUSED_VARIABLE = YES;
				IPHONEOS_DEPLOYMENT_TARGET = 9.2;
				MTL_ENABLE_DEBUG_INFO = YES;
				ONLY_ACTIVE_ARCH = YES;
				SDKROOT = iphoneos;
				SWIFT_OPTIMIZATION_LEVEL = "-Onone";
			};
			name = Debug;
		};
		F5A401E71C969F94000956D8 /* Release */ = {
			isa = XCBuildConfiguration;
			buildSettings = {
				ALWAYS_SEARCH_USER_PATHS = NO;
				CLANG_CXX_LANGUAGE_STANDARD = "gnu++0x";
				CLANG_CXX_LIBRARY = "libc++";
				CLANG_ENABLE_MODULES = YES;
				CLANG_ENABLE_OBJC_ARC = YES;
				CLANG_WARN_BOOL_CONVERSION = YES;
				CLANG_WARN_CONSTANT_CONVERSION = YES;
				CLANG_WARN_DIRECT_OBJC_ISA_USAGE = YES_ERROR;
				CLANG_WARN_EMPTY_BODY = YES;
				CLANG_WARN_ENUM_CONVERSION = YES;
				CLANG_WARN_INT_CONVERSION = YES;
				CLANG_WARN_OBJC_ROOT_CLASS = YES_ERROR;
				CLANG_WARN_UNREACHABLE_CODE = YES;
				CLANG_WARN__DUPLICATE_METHOD_MATCH = YES;
				"CODE_SIGN_IDENTITY[sdk=iphoneos*]" = "iPhone Developer";
				COPY_PHASE_STRIP = NO;
				DEBUG_INFORMATION_FORMAT = "dwarf-with-dsym";
				ENABLE_NS_ASSERTIONS = NO;
				ENABLE_STRICT_OBJC_MSGSEND = YES;
				GCC_C_LANGUAGE_STANDARD = gnu99;
				GCC_NO_COMMON_BLOCKS = YES;
				GCC_WARN_64_TO_32_BIT_CONVERSION = YES;
				GCC_WARN_ABOUT_RETURN_TYPE = YES_ERROR;
				GCC_WARN_UNDECLARED_SELECTOR = YES;
				GCC_WARN_UNINITIALIZED_AUTOS = YES_AGGRESSIVE;
				GCC_WARN_UNUSED_FUNCTION = YES;
				GCC_WARN_UNUSED_VARIABLE = YES;
				IPHONEOS_DEPLOYMENT_TARGET = 9.2;
				MTL_ENABLE_DEBUG_INFO = NO;
				SDKROOT = iphoneos;
				VALIDATE_PRODUCT = YES;
			};
			name = Release;
		};
		F5A401E91C969F94000956D8 /* Debug */ = {
			isa = XCBuildConfiguration;
			buildSettings = {
				ASSETCATALOG_COMPILER_APPICON_NAME = AppIcon;
				INFOPLIST_FILE = sampleGame/Info.plist;
				LD_RUNPATH_SEARCH_PATHS = "$(inherited) @executable_path/Frameworks";
				PRODUCT_BUNDLE_IDENTIFIER = com.hirokishimada.sampleGame;
				PRODUCT_NAME = "$(TARGET_NAME)";
			};
			name = Debug;
		};
		F5A401EA1C969F94000956D8 /* Release */ = {
			isa = XCBuildConfiguration;
			buildSettings = {
				ASSETCATALOG_COMPILER_APPICON_NAME = AppIcon;
				INFOPLIST_FILE = sampleGame/Info.plist;
				LD_RUNPATH_SEARCH_PATHS = "$(inherited) @executable_path/Frameworks";
				PRODUCT_BUNDLE_IDENTIFIER = com.hirokishimada.sampleGame;
				PRODUCT_NAME = "$(TARGET_NAME)";
			};
			name = Release;
		};
/* End XCBuildConfiguration section */

/* Begin XCConfigurationList section */
		F5A401CD1C969F93000956D8 /* Build configuration list for PBXProject "sampleGame" */ = {
			isa = XCConfigurationList;
			buildConfigurations = (
				F5A401E61C969F94000956D8 /* Debug */,
				F5A401E71C969F94000956D8 /* Release */,
			);
			defaultConfigurationIsVisible = 0;
			defaultConfigurationName = Release;
		};
		F5A401E81C969F94000956D8 /* Build configuration list for PBXNativeTarget "sampleGame" */ = {
			isa = XCConfigurationList;
			buildConfigurations = (
				F5A401E91C969F94000956D8 /* Debug */,
				F5A401EA1C969F94000956D8 /* Release */,
			);
			defaultConfigurationIsVisible = 0;
			defaultConfigurationName = Release;
		};
/* End XCConfigurationList section */
	};
	rootObject = F5A401CA1C969F93000956D8 /* Project object */;
}
