// !$*UTF8*$!
{
	archiveVersion = 1;
	classes = {
	};
	objectVersion = 46;
	objects = {

/* Begin PBXBuildFile section */
		F55FBC121C6C69FD00B57B24 /* AppDelegate.swift in Sources */ = {isa = PBXBuildFile; fileRef = F55FBC111C6C69FD00B57B24 /* AppDelegate.swift */; };
		F55FBC141C6C69FD00B57B24 /* ViewController.swift in Sources */ = {isa = PBXBuildFile; fileRef = F55FBC131C6C69FD00B57B24 /* ViewController.swift */; };
		F55FBC171C6C69FD00B57B24 /* Main.storyboard in Resources */ = {isa = PBXBuildFile; fileRef = F55FBC151C6C69FD00B57B24 /* Main.storyboard */; };
		F55FBC191C6C69FD00B57B24 /* Assets.xcassets in Resources */ = {isa = PBXBuildFile; fileRef = F55FBC181C6C69FD00B57B24 /* Assets.xcassets */; };
		F55FBC1C1C6C69FD00B57B24 /* LaunchScreen.storyboard in Resources */ = {isa = PBXBuildFile; fileRef = F55FBC1A1C6C69FD00B57B24 /* LaunchScreen.storyboard */; };
		F55FBC271C6C69FD00B57B24 /* sampleMapKitTests.swift in Sources */ = {isa = PBXBuildFile; fileRef = F55FBC261C6C69FD00B57B24 /* sampleMapKitTests.swift */; };
		F55FBC321C6C69FD00B57B24 /* sampleMapKitUITests.swift in Sources */ = {isa = PBXBuildFile; fileRef = F55FBC311C6C69FD00B57B24 /* sampleMapKitUITests.swift */; };
/* End PBXBuildFile section */

/* Begin PBXContainerItemProxy section */
		F55FBC231C6C69FD00B57B24 /* PBXContainerItemProxy */ = {
			isa = PBXContainerItemProxy;
			containerPortal = F55FBC061C6C69FD00B57B24 /* Project object */;
			proxyType = 1;
			remoteGlobalIDString = F55FBC0D1C6C69FD00B57B24;
			remoteInfo = sampleMapKit;
		};
		F55FBC2E1C6C69FD00B57B24 /* PBXContainerItemProxy */ = {
			isa = PBXContainerItemProxy;
			containerPortal = F55FBC061C6C69FD00B57B24 /* Project object */;
			proxyType = 1;
			remoteGlobalIDString = F55FBC0D1C6C69FD00B57B24;
			remoteInfo = sampleMapKit;
		};
/* End PBXContainerItemProxy section */

/* Begin PBXFileReference section */
		F55FBC0E1C6C69FD00B57B24 /* sampleMapKit.app */ = {isa = PBXFileReference; explicitFileType = wrapper.application; includeInIndex = 0; path = sampleMapKit.app; sourceTree = BUILT_PRODUCTS_DIR; };
		F55FBC111C6C69FD00B57B24 /* AppDelegate.swift */ = {isa = PBXFileReference; lastKnownFileType = sourcecode.swift; path = AppDelegate.swift; sourceTree = "<group>"; };
		F55FBC131C6C69FD00B57B24 /* ViewController.swift */ = {isa = PBXFileReference; lastKnownFileType = sourcecode.swift; path = ViewController.swift; sourceTree = "<group>"; };
		F55FBC161C6C69FD00B57B24 /* Base */ = {isa = PBXFileReference; lastKnownFileType = file.storyboard; name = Base; path = Base.lproj/Main.storyboard; sourceTree = "<group>"; };
		F55FBC181C6C69FD00B57B24 /* Assets.xcassets */ = {isa = PBXFileReference; lastKnownFileType = folder.assetcatalog; path = Assets.xcassets; sourceTree = "<group>"; };
		F55FBC1B1C6C69FD00B57B24 /* Base */ = {isa = PBXFileReference; lastKnownFileType = file.storyboard; name = Base; path = Base.lproj/LaunchScreen.storyboard; sourceTree = "<group>"; };
		F55FBC1D1C6C69FD00B57B24 /* Info.plist */ = {isa = PBXFileReference; lastKnownFileType = text.plist.xml; path = Info.plist; sourceTree = "<group>"; };
		F55FBC221C6C69FD00B57B24 /* sampleMapKitTests.xctest */ = {isa = PBXFileReference; explicitFileType = wrapper.cfbundle; includeInIndex = 0; path = sampleMapKitTests.xctest; sourceTree = BUILT_PRODUCTS_DIR; };
		F55FBC261C6C69FD00B57B24 /* sampleMapKitTests.swift */ = {isa = PBXFileReference; lastKnownFileType = sourcecode.swift; path = sampleMapKitTests.swift; sourceTree = "<group>"; };
		F55FBC281C6C69FD00B57B24 /* Info.plist */ = {isa = PBXFileReference; lastKnownFileType = text.plist.xml; path = Info.plist; sourceTree = "<group>"; };
		F55FBC2D1C6C69FD00B57B24 /* sampleMapKitUITests.xctest */ = {isa = PBXFileReference; explicitFileType = wrapper.cfbundle; includeInIndex = 0; path = sampleMapKitUITests.xctest; sourceTree = BUILT_PRODUCTS_DIR; };
		F55FBC311C6C69FD00B57B24 /* sampleMapKitUITests.swift */ = {isa = PBXFileReference; lastKnownFileType = sourcecode.swift; path = sampleMapKitUITests.swift; sourceTree = "<group>"; };
		F55FBC331C6C69FD00B57B24 /* Info.plist */ = {isa = PBXFileReference; lastKnownFileType = text.plist.xml; path = Info.plist; sourceTree = "<group>"; };
/* End PBXFileReference section */

/* Begin PBXFrameworksBuildPhase section */
		F55FBC0B1C6C69FD00B57B24 /* Frameworks */ = {
			isa = PBXFrameworksBuildPhase;
			buildActionMask = 2147483647;
			files = (
			);
			runOnlyForDeploymentPostprocessing = 0;
		};
		F55FBC1F1C6C69FD00B57B24 /* Frameworks */ = {
			isa = PBXFrameworksBuildPhase;
			buildActionMask = 2147483647;
			files = (
			);
			runOnlyForDeploymentPostprocessing = 0;
		};
		F55FBC2A1C6C69FD00B57B24 /* Frameworks */ = {
			isa = PBXFrameworksBuildPhase;
			buildActionMask = 2147483647;
			files = (
			);
			runOnlyForDeploymentPostprocessing = 0;
		};
/* End PBXFrameworksBuildPhase section */

/* Begin PBXGroup section */
		F55FBC051C6C69FD00B57B24 = {
			isa = PBXGroup;
			children = (
				F55FBC101C6C69FD00B57B24 /* sampleMapKit */,
				F55FBC251C6C69FD00B57B24 /* sampleMapKitTests */,
				F55FBC301C6C69FD00B57B24 /* sampleMapKitUITests */,
				F55FBC0F1C6C69FD00B57B24 /* Products */,
			);
			sourceTree = "<group>";
		};
		F55FBC0F1C6C69FD00B57B24 /* Products */ = {
			isa = PBXGroup;
			children = (
				F55FBC0E1C6C69FD00B57B24 /* sampleMapKit.app */,
				F55FBC221C6C69FD00B57B24 /* sampleMapKitTests.xctest */,
				F55FBC2D1C6C69FD00B57B24 /* sampleMapKitUITests.xctest */,
			);
			name = Products;
			sourceTree = "<group>";
		};
		F55FBC101C6C69FD00B57B24 /* sampleMapKit */ = {
			isa = PBXGroup;
			children = (
				F55FBC111C6C69FD00B57B24 /* AppDelegate.swift */,
				F55FBC131C6C69FD00B57B24 /* ViewController.swift */,
				F55FBC151C6C69FD00B57B24 /* Main.storyboard */,
				F55FBC181C6C69FD00B57B24 /* Assets.xcassets */,
				F55FBC1A1C6C69FD00B57B24 /* LaunchScreen.storyboard */,
				F55FBC1D1C6C69FD00B57B24 /* Info.plist */,
			);
			path = sampleMapKit;
			sourceTree = "<group>";
		};
		F55FBC251C6C69FD00B57B24 /* sampleMapKitTests */ = {
			isa = PBXGroup;
			children = (
				F55FBC261C6C69FD00B57B24 /* sampleMapKitTests.swift */,
				F55FBC281C6C69FD00B57B24 /* Info.plist */,
			);
			path = sampleMapKitTests;
			sourceTree = "<group>";
		};
		F55FBC301C6C69FD00B57B24 /* sampleMapKitUITests */ = {
			isa = PBXGroup;
			children = (
				F55FBC311C6C69FD00B57B24 /* sampleMapKitUITests.swift */,
				F55FBC331C6C69FD00B57B24 /* Info.plist */,
			);
			path = sampleMapKitUITests;
			sourceTree = "<group>";
		};
/* End PBXGroup section */

/* Begin PBXNativeTarget section */
		F55FBC0D1C6C69FD00B57B24 /* sampleMapKit */ = {
			isa = PBXNativeTarget;
			buildConfigurationList = F55FBC361C6C69FD00B57B24 /* Build configuration list for PBXNativeTarget "sampleMapKit" */;
			buildPhases = (
				F55FBC0A1C6C69FD00B57B24 /* Sources */,
				F55FBC0B1C6C69FD00B57B24 /* Frameworks */,
				F55FBC0C1C6C69FD00B57B24 /* Resources */,
			);
			buildRules = (
			);
			dependencies = (
			);
			name = sampleMapKit;
			productName = sampleMapKit;
			productReference = F55FBC0E1C6C69FD00B57B24 /* sampleMapKit.app */;
			productType = "com.apple.product-type.application";
		};
		F55FBC211C6C69FD00B57B24 /* sampleMapKitTests */ = {
			isa = PBXNativeTarget;
			buildConfigurationList = F55FBC391C6C69FD00B57B24 /* Build configuration list for PBXNativeTarget "sampleMapKitTests" */;
			buildPhases = (
				F55FBC1E1C6C69FD00B57B24 /* Sources */,
				F55FBC1F1C6C69FD00B57B24 /* Frameworks */,
				F55FBC201C6C69FD00B57B24 /* Resources */,
			);
			buildRules = (
			);
			dependencies = (
				F55FBC241C6C69FD00B57B24 /* PBXTargetDependency */,
			);
			name = sampleMapKitTests;
			productName = sampleMapKitTests;
			productReference = F55FBC221C6C69FD00B57B24 /* sampleMapKitTests.xctest */;
			productType = "com.apple.product-type.bundle.unit-test";
		};
		F55FBC2C1C6C69FD00B57B24 /* sampleMapKitUITests */ = {
			isa = PBXNativeTarget;
			buildConfigurationList = F55FBC3C1C6C69FD00B57B24 /* Build configuration list for PBXNativeTarget "sampleMapKitUITests" */;
			buildPhases = (
				F55FBC291C6C69FD00B57B24 /* Sources */,
				F55FBC2A1C6C69FD00B57B24 /* Frameworks */,
				F55FBC2B1C6C69FD00B57B24 /* Resources */,
			);
			buildRules = (
			);
			dependencies = (
				F55FBC2F1C6C69FD00B57B24 /* PBXTargetDependency */,
			);
			name = sampleMapKitUITests;
			productName = sampleMapKitUITests;
			productReference = F55FBC2D1C6C69FD00B57B24 /* sampleMapKitUITests.xctest */;
			productType = "com.apple.product-type.bundle.ui-testing";
		};
/* End PBXNativeTarget section */

/* Begin PBXProject section */
		F55FBC061C6C69FD00B57B24 /* Project object */ = {
			isa = PBXProject;
			attributes = {
				LastSwiftUpdateCheck = 0720;
				LastUpgradeCheck = 0720;
				ORGANIZATIONNAME = "Hiroki Shimada";
				TargetAttributes = {
					F55FBC0D1C6C69FD00B57B24 = {
						CreatedOnToolsVersion = 7.2;
						DevelopmentTeam = B6486WMC5Z;
					};
					F55FBC211C6C69FD00B57B24 = {
						CreatedOnToolsVersion = 7.2;
						DevelopmentTeam = B6486WMC5Z;
						TestTargetID = F55FBC0D1C6C69FD00B57B24;
					};
					F55FBC2C1C6C69FD00B57B24 = {
						CreatedOnToolsVersion = 7.2;
						DevelopmentTeam = B6486WMC5Z;
						TestTargetID = F55FBC0D1C6C69FD00B57B24;
					};
				};
			};
			buildConfigurationList = F55FBC091C6C69FD00B57B24 /* Build configuration list for PBXProject "sampleMapKit" */;
			compatibilityVersion = "Xcode 3.2";
			developmentRegion = English;
			hasScannedForEncodings = 0;
			knownRegions = (
				en,
				Base,
			);
			mainGroup = F55FBC051C6C69FD00B57B24;
			productRefGroup = F55FBC0F1C6C69FD00B57B24 /* Products */;
			projectDirPath = "";
			projectRoot = "";
			targets = (
				F55FBC0D1C6C69FD00B57B24 /* sampleMapKit */,
				F55FBC211C6C69FD00B57B24 /* sampleMapKitTests */,
				F55FBC2C1C6C69FD00B57B24 /* sampleMapKitUITests */,
			);
		};
/* End PBXProject section */

/* Begin PBXResourcesBuildPhase section */
		F55FBC0C1C6C69FD00B57B24 /* Resources */ = {
			isa = PBXResourcesBuildPhase;
			buildActionMask = 2147483647;
			files = (
				F55FBC1C1C6C69FD00B57B24 /* LaunchScreen.storyboard in Resources */,
				F55FBC191C6C69FD00B57B24 /* Assets.xcassets in Resources */,
				F55FBC171C6C69FD00B57B24 /* Main.storyboard in Resources */,
			);
			runOnlyForDeploymentPostprocessing = 0;
		};
		F55FBC201C6C69FD00B57B24 /* Resources */ = {
			isa = PBXResourcesBuildPhase;
			buildActionMask = 2147483647;
			files = (
			);
			runOnlyForDeploymentPostprocessing = 0;
		};
		F55FBC2B1C6C69FD00B57B24 /* Resources */ = {
			isa = PBXResourcesBuildPhase;
			buildActionMask = 2147483647;
			files = (
			);
			runOnlyForDeploymentPostprocessing = 0;
		};
/* End PBXResourcesBuildPhase section */

/* Begin PBXSourcesBuildPhase section */
		F55FBC0A1C6C69FD00B57B24 /* Sources */ = {
			isa = PBXSourcesBuildPhase;
			buildActionMask = 2147483647;
			files = (
				F55FBC141C6C69FD00B57B24 /* ViewController.swift in Sources */,
				F55FBC121C6C69FD00B57B24 /* AppDelegate.swift in Sources */,
			);
			runOnlyForDeploymentPostprocessing = 0;
		};
		F55FBC1E1C6C69FD00B57B24 /* Sources */ = {
			isa = PBXSourcesBuildPhase;
			buildActionMask = 2147483647;
			files = (
				F55FBC271C6C69FD00B57B24 /* sampleMapKitTests.swift in Sources */,
			);
			runOnlyForDeploymentPostprocessing = 0;
		};
		F55FBC291C6C69FD00B57B24 /* Sources */ = {
			isa = PBXSourcesBuildPhase;
			buildActionMask = 2147483647;
			files = (
				F55FBC321C6C69FD00B57B24 /* sampleMapKitUITests.swift in Sources */,
			);
			runOnlyForDeploymentPostprocessing = 0;
		};
/* End PBXSourcesBuildPhase section */

/* Begin PBXTargetDependency section */
		F55FBC241C6C69FD00B57B24 /* PBXTargetDependency */ = {
			isa = PBXTargetDependency;
			target = F55FBC0D1C6C69FD00B57B24 /* sampleMapKit */;
			targetProxy = F55FBC231C6C69FD00B57B24 /* PBXContainerItemProxy */;
		};
		F55FBC2F1C6C69FD00B57B24 /* PBXTargetDependency */ = {
			isa = PBXTargetDependency;
			target = F55FBC0D1C6C69FD00B57B24 /* sampleMapKit */;
			targetProxy = F55FBC2E1C6C69FD00B57B24 /* PBXContainerItemProxy */;
		};
/* End PBXTargetDependency section */

/* Begin PBXVariantGroup section */
		F55FBC151C6C69FD00B57B24 /* Main.storyboard */ = {
			isa = PBXVariantGroup;
			children = (
				F55FBC161C6C69FD00B57B24 /* Base */,
			);
			name = Main.storyboard;
			sourceTree = "<group>";
		};
		F55FBC1A1C6C69FD00B57B24 /* LaunchScreen.storyboard */ = {
			isa = PBXVariantGroup;
			children = (
				F55FBC1B1C6C69FD00B57B24 /* Base */,
			);
			name = LaunchScreen.storyboard;
			sourceTree = "<group>";
		};
/* End PBXVariantGroup section */

/* Begin XCBuildConfiguration section */
		F55FBC341C6C69FD00B57B24 /* Debug */ = {
			isa = XCBuildConfiguration;
			buildSettings = {
				ALWAYS_SEARCH_USER_PATHS = NO;
				CLANG_CXX_LANGUAGE_STANDARD = "gnu++0x";
				CLANG_CXX_LIBRARY = "libc++";
				CLANG_ENABLE_MODULES = YES;
				CLANG_ENABLE_OBJC_ARC = YES;
				CLANG_WARN_BOOL_CONVERSION = YES;
				CLANG_WARN_CONSTANT_CONVERSION = YES;
				CLANG_WARN_DIRECT_OBJC_ISA_USAGE = YES_ERROR;
				CLANG_WARN_EMPTY_BODY = YES;
				CLANG_WARN_ENUM_CONVERSION = YES;
				CLANG_WARN_INT_CONVERSION = YES;
				CLANG_WARN_OBJC_ROOT_CLASS = YES_ERROR;
				CLANG_WARN_UNREACHABLE_CODE = YES;
				CLANG_WARN__DUPLICATE_METHOD_MATCH = YES;
				"CODE_SIGN_IDENTITY[sdk=iphoneos*]" = "iPhone Developer";
				COPY_PHASE_STRIP = NO;
				DEBUG_INFORMATION_FORMAT = dwarf;
				ENABLE_STRICT_OBJC_MSGSEND = YES;
				ENABLE_TESTABILITY = YES;
				GCC_C_LANGUAGE_STANDARD = gnu99;
				GCC_DYNAMIC_NO_PIC = NO;
				GCC_NO_COMMON_BLOCKS = YES;
				GCC_OPTIMIZATION_LEVEL = 0;
				GCC_PREPROCESSOR_DEFINITIONS = (
					"DEBUG=1",
					"$(inherited)",
				);
				GCC_WARN_64_TO_32_BIT_CONVERSION = YES;
				GCC_WARN_ABOUT_RETURN_TYPE = YES_ERROR;
				GCC_WARN_UNDECLARED_SELECTOR = YES;
				GCC_WARN_UNINITIALIZED_AUTOS = YES_AGGRESSIVE;
				GCC_WARN_UNUSED_FUNCTION = YES;
				GCC_WARN_UNUSED_VARIABLE = YES;
				IPHONEOS_DEPLOYMENT_TARGET = 9.2;
				MTL_ENABLE_DEBUG_INFO = YES;
				ONLY_ACTIVE_ARCH = YES;
				SDKROOT = iphoneos;
				SWIFT_OPTIMIZATION_LEVEL = "-Onone";
			};
			name = Debug;
		};
		F55FBC351C6C69FD00B57B24 /* Release */ = {
			isa = XCBuildConfiguration;
			buildSettings = {
				ALWAYS_SEARCH_USER_PATHS = NO;
				CLANG_CXX_LANGUAGE_STANDARD = "gnu++0x";
				CLANG_CXX_LIBRARY = "libc++";
				CLANG_ENABLE_MODULES = YES;
				CLANG_ENABLE_OBJC_ARC = YES;
				CLANG_WARN_BOOL_CONVERSION = YES;
				CLANG_WARN_CONSTANT_CONVERSION = YES;
				CLANG_WARN_DIRECT_OBJC_ISA_USAGE = YES_ERROR;
				CLANG_WARN_EMPTY_BODY = YES;
				CLANG_WARN_ENUM_CONVERSION = YES;
				CLANG_WARN_INT_CONVERSION = YES;
				CLANG_WARN_OBJC_ROOT_CLASS = YES_ERROR;
				CLANG_WARN_UNREACHABLE_CODE = YES;
				CLANG_WARN__DUPLICATE_METHOD_MATCH = YES;
				"CODE_SIGN_IDENTITY[sdk=iphoneos*]" = "iPhone Developer";
				COPY_PHASE_STRIP = NO;
				DEBUG_INFORMATION_FORMAT = "dwarf-with-dsym";
				ENABLE_NS_ASSERTIONS = NO;
				ENABLE_STRICT_OBJC_MSGSEND = YES;
				GCC_C_LANGUAGE_STANDARD = gnu99;
				GCC_NO_COMMON_BLOCKS = YES;
				GCC_WARN_64_TO_32_BIT_CONVERSION = YES;
				GCC_WARN_ABOUT_RETURN_TYPE = YES_ERROR;
				GCC_WARN_UNDECLARED_SELECTOR = YES;
				GCC_WARN_UNINITIALIZED_AUTOS = YES_AGGRESSIVE;
				GCC_WARN_UNUSED_FUNCTION = YES;
				GCC_WARN_UNUSED_VARIABLE = YES;
				IPHONEOS_DEPLOYMENT_TARGET = 9.2;
				MTL_ENABLE_DEBUG_INFO = NO;
				SDKROOT = iphoneos;
				VALIDATE_PRODUCT = YES;
			};
			name = Release;
		};
		F55FBC371C6C69FD00B57B24 /* Debug */ = {
			isa = XCBuildConfiguration;
			buildSettings = {
				ASSETCATALOG_COMPILER_APPICON_NAME = AppIcon;
				INFOPLIST_FILE = sampleMapKit/Info.plist;
				LD_RUNPATH_SEARCH_PATHS = "$(inherited) @executable_path/Frameworks";
				PRODUCT_BUNDLE_IDENTIFIER = com.hirokishimada.sampleMapKit;
				PRODUCT_NAME = "$(TARGET_NAME)";
			};
			name = Debug;
		};
		F55FBC381C6C69FD00B57B24 /* Release */ = {
			isa = XCBuildConfiguration;
			buildSettings = {
				ASSETCATALOG_COMPILER_APPICON_NAME = AppIcon;
				INFOPLIST_FILE = sampleMapKit/Info.plist;
				LD_RUNPATH_SEARCH_PATHS = "$(inherited) @executable_path/Frameworks";
				PRODUCT_BUNDLE_IDENTIFIER = com.hirokishimada.sampleMapKit;
				PRODUCT_NAME = "$(TARGET_NAME)";
			};
			name = Release;
		};
		F55FBC3A1C6C69FD00B57B24 /* Debug */ = {
			isa = XCBuildConfiguration;
			buildSettings = {
				BUNDLE_LOADER = "$(TEST_HOST)";
				INFOPLIST_FILE = sampleMapKitTests/Info.plist;
				LD_RUNPATH_SEARCH_PATHS = "$(inherited) @executable_path/Frameworks @loader_path/Frameworks";
				PRODUCT_BUNDLE_IDENTIFIER = com.hirokishimada.sampleMapKitTests;
				PRODUCT_NAME = "$(TARGET_NAME)";
				TEST_HOST = "$(BUILT_PRODUCTS_DIR)/sampleMapKit.app/sampleMapKit";
			};
			name = Debug;
		};
		F55FBC3B1C6C69FD00B57B24 /* Release */ = {
			isa = XCBuildConfiguration;
			buildSettings = {
				BUNDLE_LOADER = "$(TEST_HOST)";
				INFOPLIST_FILE = sampleMapKitTests/Info.plist;
				LD_RUNPATH_SEARCH_PATHS = "$(inherited) @executable_path/Frameworks @loader_path/Frameworks";
				PRODUCT_BUNDLE_IDENTIFIER = com.hirokishimada.sampleMapKitTests;
				PRODUCT_NAME = "$(TARGET_NAME)";
				TEST_HOST = "$(BUILT_PRODUCTS_DIR)/sampleMapKit.app/sampleMapKit";
			};
			name = Release;
		};
		F55FBC3D1C6C69FD00B57B24 /* Debug */ = {
			isa = XCBuildConfiguration;
			buildSettings = {
				INFOPLIST_FILE = sampleMapKitUITests/Info.plist;
				LD_RUNPATH_SEARCH_PATHS = "$(inherited) @executable_path/Frameworks @loader_path/Frameworks";
				PRODUCT_BUNDLE_IDENTIFIER = com.hirokishimada.sampleMapKitUITests;
				PRODUCT_NAME = "$(TARGET_NAME)";
				TEST_TARGET_NAME = sampleMapKit;
				USES_XCTRUNNER = YES;
			};
			name = Debug;
		};
		F55FBC3E1C6C69FD00B57B24 /* Release */ = {
			isa = XCBuildConfiguration;
			buildSettings = {
				INFOPLIST_FILE = sampleMapKitUITests/Info.plist;
				LD_RUNPATH_SEARCH_PATHS = "$(inherited) @executable_path/Frameworks @loader_path/Frameworks";
				PRODUCT_BUNDLE_IDENTIFIER = com.hirokishimada.sampleMapKitUITests;
				PRODUCT_NAME = "$(TARGET_NAME)";
				TEST_TARGET_NAME = sampleMapKit;
				USES_XCTRUNNER = YES;
			};
			name = Release;
		};
/* End XCBuildConfiguration section */

/* Begin XCConfigurationList section */
		F55FBC091C6C69FD00B57B24 /* Build configuration list for PBXProject "sampleMapKit" */ = {
			isa = XCConfigurationList;
			buildConfigurations = (
				F55FBC341C6C69FD00B57B24 /* Debug */,
				F55FBC351C6C69FD00B57B24 /* Release */,
			);
			defaultConfigurationIsVisible = 0;
			defaultConfigurationName = Release;
		};
		F55FBC361C6C69FD00B57B24 /* Build configuration list for PBXNativeTarget "sampleMapKit" */ = {
			isa = XCConfigurationList;
			buildConfigurations = (
				F55FBC371C6C69FD00B57B24 /* Debug */,
				F55FBC381C6C69FD00B57B24 /* Release */,
			);
			defaultConfigurationIsVisible = 0;
		};
		F55FBC391C6C69FD00B57B24 /* Build configuration list for PBXNativeTarget "sampleMapKitTests" */ = {
			isa = XCConfigurationList;
			buildConfigurations = (
				F55FBC3A1C6C69FD00B57B24 /* Debug */,
				F55FBC3B1C6C69FD00B57B24 /* Release */,
			);
			defaultConfigurationIsVisible = 0;
		};
		F55FBC3C1C6C69FD00B57B24 /* Build configuration list for PBXNativeTarget "sampleMapKitUITests" */ = {
			isa = XCConfigurationList;
			buildConfigurations = (
				F55FBC3D1C6C69FD00B57B24 /* Debug */,
				F55FBC3E1C6C69FD00B57B24 /* Release */,
			);
			defaultConfigurationIsVisible = 0;
		};
/* End XCConfigurationList section */
	};
	rootObject = F55FBC061C6C69FD00B57B24 /* Project object */;
}
