// !$*UTF8*$!
{
	archiveVersion = 1;
	classes = {
	};
	objectVersion = 46;
	objects = {

/* Begin PBXBuildFile section */
		F5C4CD771C69D06300747C09 /* AppDelegate.swift in Sources */ = {isa = PBXBuildFile; fileRef = F5C4CD761C69D06300747C09 /* AppDelegate.swift */; };
		F5C4CD791C69D06300747C09 /* ViewController.swift in Sources */ = {isa = PBXBuildFile; fileRef = F5C4CD781C69D06300747C09 /* ViewController.swift */; };
		F5C4CD7C1C69D06300747C09 /* Main.storyboard in Resources */ = {isa = PBXBuildFile; fileRef = F5C4CD7A1C69D06300747C09 /* Main.storyboard */; };
		F5C4CD7E1C69D06300747C09 /* Assets.xcassets in Resources */ = {isa = PBXBuildFile; fileRef = F5C4CD7D1C69D06300747C09 /* Assets.xcassets */; };
		F5C4CD811C69D06300747C09 /* LaunchScreen.storyboard in Resources */ = {isa = PBXBuildFile; fileRef = F5C4CD7F1C69D06300747C09 /* LaunchScreen.storyboard */; };
		F5C4CD8C1C69D06400747C09 /* sampleUI001Tests.swift in Sources */ = {isa = PBXBuildFile; fileRef = F5C4CD8B1C69D06400747C09 /* sampleUI001Tests.swift */; };
		F5C4CD971C69D06400747C09 /* sampleUI001UITests.swift in Sources */ = {isa = PBXBuildFile; fileRef = F5C4CD961C69D06400747C09 /* sampleUI001UITests.swift */; };
/* End PBXBuildFile section */

/* Begin PBXContainerItemProxy section */
		F5C4CD881C69D06400747C09 /* PBXContainerItemProxy */ = {
			isa = PBXContainerItemProxy;
			containerPortal = F5C4CD6B1C69D06300747C09 /* Project object */;
			proxyType = 1;
			remoteGlobalIDString = F5C4CD721C69D06300747C09;
			remoteInfo = sampleUI001;
		};
		F5C4CD931C69D06400747C09 /* PBXContainerItemProxy */ = {
			isa = PBXContainerItemProxy;
			containerPortal = F5C4CD6B1C69D06300747C09 /* Project object */;
			proxyType = 1;
			remoteGlobalIDString = F5C4CD721C69D06300747C09;
			remoteInfo = sampleUI001;
		};
/* End PBXContainerItemProxy section */

/* Begin PBXFileReference section */
		F5C4CD731C69D06300747C09 /* sampleUI001.app */ = {isa = PBXFileReference; explicitFileType = wrapper.application; includeInIndex = 0; path = sampleUI001.app; sourceTree = BUILT_PRODUCTS_DIR; };
		F5C4CD761C69D06300747C09 /* AppDelegate.swift */ = {isa = PBXFileReference; lastKnownFileType = sourcecode.swift; path = AppDelegate.swift; sourceTree = "<group>"; };
		F5C4CD781C69D06300747C09 /* ViewController.swift */ = {isa = PBXFileReference; lastKnownFileType = sourcecode.swift; path = ViewController.swift; sourceTree = "<group>"; };
		F5C4CD7B1C69D06300747C09 /* Base */ = {isa = PBXFileReference; lastKnownFileType = file.storyboard; name = Base; path = Base.lproj/Main.storyboard; sourceTree = "<group>"; };
		F5C4CD7D1C69D06300747C09 /* Assets.xcassets */ = {isa = PBXFileReference; lastKnownFileType = folder.assetcatalog; path = Assets.xcassets; sourceTree = "<group>"; };
		F5C4CD801C69D06300747C09 /* Base */ = {isa = PBXFileReference; lastKnownFileType = file.storyboard; name = Base; path = Base.lproj/LaunchScreen.storyboard; sourceTree = "<group>"; };
		F5C4CD821C69D06400747C09 /* Info.plist */ = {isa = PBXFileReference; lastKnownFileType = text.plist.xml; path = Info.plist; sourceTree = "<group>"; };
		F5C4CD871C69D06400747C09 /* sampleUI001Tests.xctest */ = {isa = PBXFileReference; explicitFileType = wrapper.cfbundle; includeInIndex = 0; path = sampleUI001Tests.xctest; sourceTree = BUILT_PRODUCTS_DIR; };
		F5C4CD8B1C69D06400747C09 /* sampleUI001Tests.swift */ = {isa = PBXFileReference; lastKnownFileType = sourcecode.swift; path = sampleUI001Tests.swift; sourceTree = "<group>"; };
		F5C4CD8D1C69D06400747C09 /* Info.plist */ = {isa = PBXFileReference; lastKnownFileType = text.plist.xml; path = Info.plist; sourceTree = "<group>"; };
		F5C4CD921C69D06400747C09 /* sampleUI001UITests.xctest */ = {isa = PBXFileReference; explicitFileType = wrapper.cfbundle; includeInIndex = 0; path = sampleUI001UITests.xctest; sourceTree = BUILT_PRODUCTS_DIR; };
		F5C4CD961C69D06400747C09 /* sampleUI001UITests.swift */ = {isa = PBXFileReference; lastKnownFileType = sourcecode.swift; path = sampleUI001UITests.swift; sourceTree = "<group>"; };
		F5C4CD981C69D06400747C09 /* Info.plist */ = {isa = PBXFileReference; lastKnownFileType = text.plist.xml; path = Info.plist; sourceTree = "<group>"; };
/* End PBXFileReference section */

/* Begin PBXFrameworksBuildPhase section */
		F5C4CD701C69D06300747C09 /* Frameworks */ = {
			isa = PBXFrameworksBuildPhase;
			buildActionMask = 2147483647;
			files = (
			);
			runOnlyForDeploymentPostprocessing = 0;
		};
		F5C4CD841C69D06400747C09 /* Frameworks */ = {
			isa = PBXFrameworksBuildPhase;
			buildActionMask = 2147483647;
			files = (
			);
			runOnlyForDeploymentPostprocessing = 0;
		};
		F5C4CD8F1C69D06400747C09 /* Frameworks */ = {
			isa = PBXFrameworksBuildPhase;
			buildActionMask = 2147483647;
			files = (
			);
			runOnlyForDeploymentPostprocessing = 0;
		};
/* End PBXFrameworksBuildPhase section */

/* Begin PBXGroup section */
		F5C4CD6A1C69D06300747C09 = {
			isa = PBXGroup;
			children = (
				F5C4CD751C69D06300747C09 /* sampleUI001 */,
				F5C4CD8A1C69D06400747C09 /* sampleUI001Tests */,
				F5C4CD951C69D06400747C09 /* sampleUI001UITests */,
				F5C4CD741C69D06300747C09 /* Products */,
			);
			sourceTree = "<group>";
		};
		F5C4CD741C69D06300747C09 /* Products */ = {
			isa = PBXGroup;
			children = (
				F5C4CD731C69D06300747C09 /* sampleUI001.app */,
				F5C4CD871C69D06400747C09 /* sampleUI001Tests.xctest */,
				F5C4CD921C69D06400747C09 /* sampleUI001UITests.xctest */,
			);
			name = Products;
			sourceTree = "<group>";
		};
		F5C4CD751C69D06300747C09 /* sampleUI001 */ = {
			isa = PBXGroup;
			children = (
				F5C4CD761C69D06300747C09 /* AppDelegate.swift */,
				F5C4CD781C69D06300747C09 /* ViewController.swift */,
				F5C4CD7A1C69D06300747C09 /* Main.storyboard */,
				F5C4CD7D1C69D06300747C09 /* Assets.xcassets */,
				F5C4CD7F1C69D06300747C09 /* LaunchScreen.storyboard */,
				F5C4CD821C69D06400747C09 /* Info.plist */,
			);
			path = sampleUI001;
			sourceTree = "<group>";
		};
		F5C4CD8A1C69D06400747C09 /* sampleUI001Tests */ = {
			isa = PBXGroup;
			children = (
				F5C4CD8B1C69D06400747C09 /* sampleUI001Tests.swift */,
				F5C4CD8D1C69D06400747C09 /* Info.plist */,
			);
			path = sampleUI001Tests;
			sourceTree = "<group>";
		};
		F5C4CD951C69D06400747C09 /* sampleUI001UITests */ = {
			isa = PBXGroup;
			children = (
				F5C4CD961C69D06400747C09 /* sampleUI001UITests.swift */,
				F5C4CD981C69D06400747C09 /* Info.plist */,
			);
			path = sampleUI001UITests;
			sourceTree = "<group>";
		};
/* End PBXGroup section */

/* Begin PBXNativeTarget section */
		F5C4CD721C69D06300747C09 /* sampleUI001 */ = {
			isa = PBXNativeTarget;
			buildConfigurationList = F5C4CD9B1C69D06400747C09 /* Build configuration list for PBXNativeTarget "sampleUI001" */;
			buildPhases = (
				F5C4CD6F1C69D06300747C09 /* Sources */,
				F5C4CD701C69D06300747C09 /* Frameworks */,
				F5C4CD711C69D06300747C09 /* Resources */,
			);
			buildRules = (
			);
			dependencies = (
			);
			name = sampleUI001;
			productName = sampleUI001;
			productReference = F5C4CD731C69D06300747C09 /* sampleUI001.app */;
			productType = "com.apple.product-type.application";
		};
		F5C4CD861C69D06400747C09 /* sampleUI001Tests */ = {
			isa = PBXNativeTarget;
			buildConfigurationList = F5C4CD9E1C69D06400747C09 /* Build configuration list for PBXNativeTarget "sampleUI001Tests" */;
			buildPhases = (
				F5C4CD831C69D06400747C09 /* Sources */,
				F5C4CD841C69D06400747C09 /* Frameworks */,
				F5C4CD851C69D06400747C09 /* Resources */,
			);
			buildRules = (
			);
			dependencies = (
				F5C4CD891C69D06400747C09 /* PBXTargetDependency */,
			);
			name = sampleUI001Tests;
			productName = sampleUI001Tests;
			productReference = F5C4CD871C69D06400747C09 /* sampleUI001Tests.xctest */;
			productType = "com.apple.product-type.bundle.unit-test";
		};
		F5C4CD911C69D06400747C09 /* sampleUI001UITests */ = {
			isa = PBXNativeTarget;
			buildConfigurationList = F5C4CDA11C69D06400747C09 /* Build configuration list for PBXNativeTarget "sampleUI001UITests" */;
			buildPhases = (
				F5C4CD8E1C69D06400747C09 /* Sources */,
				F5C4CD8F1C69D06400747C09 /* Frameworks */,
				F5C4CD901C69D06400747C09 /* Resources */,
			);
			buildRules = (
			);
			dependencies = (
				F5C4CD941C69D06400747C09 /* PBXTargetDependency */,
			);
			name = sampleUI001UITests;
			productName = sampleUI001UITests;
			productReference = F5C4CD921C69D06400747C09 /* sampleUI001UITests.xctest */;
			productType = "com.apple.product-type.bundle.ui-testing";
		};
/* End PBXNativeTarget section */

/* Begin PBXProject section */
		F5C4CD6B1C69D06300747C09 /* Project object */ = {
			isa = PBXProject;
			attributes = {
				LastSwiftUpdateCheck = 0720;
				LastUpgradeCheck = 0720;
				ORGANIZATIONNAME = "Hiroki Shimada";
				TargetAttributes = {
					F5C4CD721C69D06300747C09 = {
						CreatedOnToolsVersion = 7.2;
						DevelopmentTeam = B6486WMC5Z;
					};
					F5C4CD861C69D06400747C09 = {
						CreatedOnToolsVersion = 7.2;
						TestTargetID = F5C4CD721C69D06300747C09;
					};
					F5C4CD911C69D06400747C09 = {
						CreatedOnToolsVersion = 7.2;
						TestTargetID = F5C4CD721C69D06300747C09;
					};
				};
			};
			buildConfigurationList = F5C4CD6E1C69D06300747C09 /* Build configuration list for PBXProject "sampleUI001" */;
			compatibilityVersion = "Xcode 3.2";
			developmentRegion = English;
			hasScannedForEncodings = 0;
			knownRegions = (
				en,
				Base,
			);
			mainGroup = F5C4CD6A1C69D06300747C09;
			productRefGroup = F5C4CD741C69D06300747C09 /* Products */;
			projectDirPath = "";
			projectRoot = "";
			targets = (
				F5C4CD721C69D06300747C09 /* sampleUI001 */,
				F5C4CD861C69D06400747C09 /* sampleUI001Tests */,
				F5C4CD911C69D06400747C09 /* sampleUI001UITests */,
			);
		};
/* End PBXProject section */

/* Begin PBXResourcesBuildPhase section */
		F5C4CD711C69D06300747C09 /* Resources */ = {
			isa = PBXResourcesBuildPhase;
			buildActionMask = 2147483647;
			files = (
				F5C4CD811C69D06300747C09 /* LaunchScreen.storyboard in Resources */,
				F5C4CD7E1C69D06300747C09 /* Assets.xcassets in Resources */,
				F5C4CD7C1C69D06300747C09 /* Main.storyboard in Resources */,
			);
			runOnlyForDeploymentPostprocessing = 0;
		};
		F5C4CD851C69D06400747C09 /* Resources */ = {
			isa = PBXResourcesBuildPhase;
			buildActionMask = 2147483647;
			files = (
			);
			runOnlyForDeploymentPostprocessing = 0;
		};
		F5C4CD901C69D06400747C09 /* Resources */ = {
			isa = PBXResourcesBuildPhase;
			buildActionMask = 2147483647;
			files = (
			);
			runOnlyForDeploymentPostprocessing = 0;
		};
/* End PBXResourcesBuildPhase section */

/* Begin PBXSourcesBuildPhase section */
		F5C4CD6F1C69D06300747C09 /* Sources */ = {
			isa = PBXSourcesBuildPhase;
			buildActionMask = 2147483647;
			files = (
				F5C4CD791C69D06300747C09 /* ViewController.swift in Sources */,
				F5C4CD771C69D06300747C09 /* AppDelegate.swift in Sources */,
			);
			runOnlyForDeploymentPostprocessing = 0;
		};
		F5C4CD831C69D06400747C09 /* Sources */ = {
			isa = PBXSourcesBuildPhase;
			buildActionMask = 2147483647;
			files = (
				F5C4CD8C1C69D06400747C09 /* sampleUI001Tests.swift in Sources */,
			);
			runOnlyForDeploymentPostprocessing = 0;
		};
		F5C4CD8E1C69D06400747C09 /* Sources */ = {
			isa = PBXSourcesBuildPhase;
			buildActionMask = 2147483647;
			files = (
				F5C4CD971C69D06400747C09 /* sampleUI001UITests.swift in Sources */,
			);
			runOnlyForDeploymentPostprocessing = 0;
		};
/* End PBXSourcesBuildPhase section */

/* Begin PBXTargetDependency section */
		F5C4CD891C69D06400747C09 /* PBXTargetDependency */ = {
			isa = PBXTargetDependency;
			target = F5C4CD721C69D06300747C09 /* sampleUI001 */;
			targetProxy = F5C4CD881C69D06400747C09 /* PBXContainerItemProxy */;
		};
		F5C4CD941C69D06400747C09 /* PBXTargetDependency */ = {
			isa = PBXTargetDependency;
			target = F5C4CD721C69D06300747C09 /* sampleUI001 */;
			targetProxy = F5C4CD931C69D06400747C09 /* PBXContainerItemProxy */;
		};
/* End PBXTargetDependency section */

/* Begin PBXVariantGroup section */
		F5C4CD7A1C69D06300747C09 /* Main.storyboard */ = {
			isa = PBXVariantGroup;
			children = (
				F5C4CD7B1C69D06300747C09 /* Base */,
			);
			name = Main.storyboard;
			sourceTree = "<group>";
		};
		F5C4CD7F1C69D06300747C09 /* LaunchScreen.storyboard */ = {
			isa = PBXVariantGroup;
			children = (
				F5C4CD801C69D06300747C09 /* Base */,
			);
			name = LaunchScreen.storyboard;
			sourceTree = "<group>";
		};
/* End PBXVariantGroup section */

/* Begin XCBuildConfiguration section */
		F5C4CD991C69D06400747C09 /* Debug */ = {
			isa = XCBuildConfiguration;
			buildSettings = {
				ALWAYS_SEARCH_USER_PATHS = NO;
				CLANG_CXX_LANGUAGE_STANDARD = "gnu++0x";
				CLANG_CXX_LIBRARY = "libc++";
				CLANG_ENABLE_MODULES = YES;
				CLANG_ENABLE_OBJC_ARC = YES;
				CLANG_WARN_BOOL_CONVERSION = YES;
				CLANG_WARN_CONSTANT_CONVERSION = YES;
				CLANG_WARN_DIRECT_OBJC_ISA_USAGE = YES_ERROR;
				CLANG_WARN_EMPTY_BODY = YES;
				CLANG_WARN_ENUM_CONVERSION = YES;
				CLANG_WARN_INT_CONVERSION = YES;
				CLANG_WARN_OBJC_ROOT_CLASS = YES_ERROR;
				CLANG_WARN_UNREACHABLE_CODE = YES;
				CLANG_WARN__DUPLICATE_METHOD_MATCH = YES;
				"CODE_SIGN_IDENTITY[sdk=iphoneos*]" = "iPhone Developer";
				COPY_PHASE_STRIP = NO;
				DEBUG_INFORMATION_FORMAT = dwarf;
				ENABLE_STRICT_OBJC_MSGSEND = YES;
				ENABLE_TESTABILITY = YES;
				GCC_C_LANGUAGE_STANDARD = gnu99;
				GCC_DYNAMIC_NO_PIC = NO;
				GCC_NO_COMMON_BLOCKS = YES;
				GCC_OPTIMIZATION_LEVEL = 0;
				GCC_PREPROCESSOR_DEFINITIONS = (
					"DEBUG=1",
					"$(inherited)",
				);
				GCC_WARN_64_TO_32_BIT_CONVERSION = YES;
				GCC_WARN_ABOUT_RETURN_TYPE = YES_ERROR;
				GCC_WARN_UNDECLARED_SELECTOR = YES;
				GCC_WARN_UNINITIALIZED_AUTOS = YES_AGGRESSIVE;
				GCC_WARN_UNUSED_FUNCTION = YES;
				GCC_WARN_UNUSED_VARIABLE = YES;
				IPHONEOS_DEPLOYMENT_TARGET = 9.2;
				MTL_ENABLE_DEBUG_INFO = YES;
				ONLY_ACTIVE_ARCH = YES;
				SDKROOT = iphoneos;
				SWIFT_OPTIMIZATION_LEVEL = "-Onone";
			};
			name = Debug;
		};
		F5C4CD9A1C69D06400747C09 /* Release */ = {
			isa = XCBuildConfiguration;
			buildSettings = {
				ALWAYS_SEARCH_USER_PATHS = NO;
				CLANG_CXX_LANGUAGE_STANDARD = "gnu++0x";
				CLANG_CXX_LIBRARY = "libc++";
				CLANG_ENABLE_MODULES = YES;
				CLANG_ENABLE_OBJC_ARC = YES;
				CLANG_WARN_BOOL_CONVERSION = YES;
				CLANG_WARN_CONSTANT_CONVERSION = YES;
				CLANG_WARN_DIRECT_OBJC_ISA_USAGE = YES_ERROR;
				CLANG_WARN_EMPTY_BODY = YES;
				CLANG_WARN_ENUM_CONVERSION = YES;
				CLANG_WARN_INT_CONVERSION = YES;
				CLANG_WARN_OBJC_ROOT_CLASS = YES_ERROR;
				CLANG_WARN_UNREACHABLE_CODE = YES;
				CLANG_WARN__DUPLICATE_METHOD_MATCH = YES;
				"CODE_SIGN_IDENTITY[sdk=iphoneos*]" = "iPhone Developer";
				COPY_PHASE_STRIP = NO;
				DEBUG_INFORMATION_FORMAT = "dwarf-with-dsym";
				ENABLE_NS_ASSERTIONS = NO;
				ENABLE_STRICT_OBJC_MSGSEND = YES;
				GCC_C_LANGUAGE_STANDARD = gnu99;
				GCC_NO_COMMON_BLOCKS = YES;
				GCC_WARN_64_TO_32_BIT_CONVERSION = YES;
				GCC_WARN_ABOUT_RETURN_TYPE = YES_ERROR;
				GCC_WARN_UNDECLARED_SELECTOR = YES;
				GCC_WARN_UNINITIALIZED_AUTOS = YES_AGGRESSIVE;
				GCC_WARN_UNUSED_FUNCTION = YES;
				GCC_WARN_UNUSED_VARIABLE = YES;
				IPHONEOS_DEPLOYMENT_TARGET = 9.2;
				MTL_ENABLE_DEBUG_INFO = NO;
				SDKROOT = iphoneos;
				VALIDATE_PRODUCT = YES;
			};
			name = Release;
		};
		F5C4CD9C1C69D06400747C09 /* Debug */ = {
			isa = XCBuildConfiguration;
			buildSettings = {
				ASSETCATALOG_COMPILER_APPICON_NAME = AppIcon;
				CODE_SIGN_IDENTITY = "iPhone Developer";
				"CODE_SIGN_IDENTITY[sdk=iphoneos*]" = "iPhone Developer";
				INFOPLIST_FILE = sampleUI001/Info.plist;
				LD_RUNPATH_SEARCH_PATHS = "$(inherited) @executable_path/Frameworks";
				PRODUCT_BUNDLE_IDENTIFIER = com.hirokishimada.sampleUI001;
				PRODUCT_NAME = "$(TARGET_NAME)";
				PROVISIONING_PROFILE = "";
			};
			name = Debug;
		};
		F5C4CD9D1C69D06400747C09 /* Release */ = {
			isa = XCBuildConfiguration;
			buildSettings = {
				ASSETCATALOG_COMPILER_APPICON_NAME = AppIcon;
				CODE_SIGN_IDENTITY = "iPhone Developer";
				"CODE_SIGN_IDENTITY[sdk=iphoneos*]" = "iPhone Developer";
				INFOPLIST_FILE = sampleUI001/Info.plist;
				LD_RUNPATH_SEARCH_PATHS = "$(inherited) @executable_path/Frameworks";
				PRODUCT_BUNDLE_IDENTIFIER = com.hirokishimada.sampleUI001;
				PRODUCT_NAME = "$(TARGET_NAME)";
				PROVISIONING_PROFILE = "";
			};
			name = Release;
		};
		F5C4CD9F1C69D06400747C09 /* Debug */ = {
			isa = XCBuildConfiguration;
			buildSettings = {
				BUNDLE_LOADER = "$(TEST_HOST)";
				INFOPLIST_FILE = sampleUI001Tests/Info.plist;
				LD_RUNPATH_SEARCH_PATHS = "$(inherited) @executable_path/Frameworks @loader_path/Frameworks";
				PRODUCT_BUNDLE_IDENTIFIER = com.hirokishimada.sampleUI001Tests;
				PRODUCT_NAME = "$(TARGET_NAME)";
				TEST_HOST = "$(BUILT_PRODUCTS_DIR)/sampleUI001.app/sampleUI001";
			};
			name = Debug;
		};
		F5C4CDA01C69D06400747C09 /* Release */ = {
			isa = XCBuildConfiguration;
			buildSettings = {
				BUNDLE_LOADER = "$(TEST_HOST)";
				INFOPLIST_FILE = sampleUI001Tests/Info.plist;
				LD_RUNPATH_SEARCH_PATHS = "$(inherited) @executable_path/Frameworks @loader_path/Frameworks";
				PRODUCT_BUNDLE_IDENTIFIER = com.hirokishimada.sampleUI001Tests;
				PRODUCT_NAME = "$(TARGET_NAME)";
				TEST_HOST = "$(BUILT_PRODUCTS_DIR)/sampleUI001.app/sampleUI001";
			};
			name = Release;
		};
		F5C4CDA21C69D06400747C09 /* Debug */ = {
			isa = XCBuildConfiguration;
			buildSettings = {
				INFOPLIST_FILE = sampleUI001UITests/Info.plist;
				LD_RUNPATH_SEARCH_PATHS = "$(inherited) @executable_path/Frameworks @loader_path/Frameworks";
				PRODUCT_BUNDLE_IDENTIFIER = com.hirokishimada.sampleUI001UITests;
				PRODUCT_NAME = "$(TARGET_NAME)";
				TEST_TARGET_NAME = sampleUI001;
				USES_XCTRUNNER = YES;
			};
			name = Debug;
		};
		F5C4CDA31C69D06400747C09 /* Release */ = {
			isa = XCBuildConfiguration;
			buildSettings = {
				INFOPLIST_FILE = sampleUI001UITests/Info.plist;
				LD_RUNPATH_SEARCH_PATHS = "$(inherited) @executable_path/Frameworks @loader_path/Frameworks";
				PRODUCT_BUNDLE_IDENTIFIER = com.hirokishimada.sampleUI001UITests;
				PRODUCT_NAME = "$(TARGET_NAME)";
				TEST_TARGET_NAME = sampleUI001;
				USES_XCTRUNNER = YES;
			};
			name = Release;
		};
/* End XCBuildConfiguration section */

/* Begin XCConfigurationList section */
		F5C4CD6E1C69D06300747C09 /* Build configuration list for PBXProject "sampleUI001" */ = {
			isa = XCConfigurationList;
			buildConfigurations = (
				F5C4CD991C69D06400747C09 /* Debug */,
				F5C4CD9A1C69D06400747C09 /* Release */,
			);
			defaultConfigurationIsVisible = 0;
			defaultConfigurationName = Release;
		};
		F5C4CD9B1C69D06400747C09 /* Build configuration list for PBXNativeTarget "sampleUI001" */ = {
			isa = XCConfigurationList;
			buildConfigurations = (
				F5C4CD9C1C69D06400747C09 /* Debug */,
				F5C4CD9D1C69D06400747C09 /* Release */,
			);
			defaultConfigurationIsVisible = 0;
			defaultConfigurationName = Release;
		};
		F5C4CD9E1C69D06400747C09 /* Build configuration list for PBXNativeTarget "sampleUI001Tests" */ = {
			isa = XCConfigurationList;
			buildConfigurations = (
				F5C4CD9F1C69D06400747C09 /* Debug */,
				F5C4CDA01C69D06400747C09 /* Release */,
			);
			defaultConfigurationIsVisible = 0;
			defaultConfigurationName = Release;
		};
		F5C4CDA11C69D06400747C09 /* Build configuration list for PBXNativeTarget "sampleUI001UITests" */ = {
			isa = XCConfigurationList;
			buildConfigurations = (
				F5C4CDA21C69D06400747C09 /* Debug */,
				F5C4CDA31C69D06400747C09 /* Release */,
			);
			defaultConfigurationIsVisible = 0;
			defaultConfigurationName = Release;
		};
/* End XCConfigurationList section */
	};
	rootObject = F5C4CD6B1C69D06300747C09 /* Project object */;
}
