// !$*UTF8*$!
{
	archiveVersion = 1;
	classes = {
	};
	objectVersion = 46;
	objects = {

/* Begin PBXBuildFile section */
		F54060D21C60871B00B44939 /* AppDelegate.swift in Sources */ = {isa = PBXBuildFile; fileRef = F54060D11C60871B00B44939 /* AppDelegate.swift */; };
		F54060D41C60871B00B44939 /* ViewController.swift in Sources */ = {isa = PBXBuildFile; fileRef = F54060D31C60871B00B44939 /* ViewController.swift */; };
		F54060D71C60871B00B44939 /* Main.storyboard in Resources */ = {isa = PBXBuildFile; fileRef = F54060D51C60871B00B44939 /* Main.storyboard */; };
		F54060D91C60871B00B44939 /* Assets.xcassets in Resources */ = {isa = PBXBuildFile; fileRef = F54060D81C60871B00B44939 /* Assets.xcassets */; };
		F54060DC1C60871B00B44939 /* LaunchScreen.storyboard in Resources */ = {isa = PBXBuildFile; fileRef = F54060DA1C60871B00B44939 /* LaunchScreen.storyboard */; };
		F54060E71C60871B00B44939 /* sampleJSON001Tests.swift in Sources */ = {isa = PBXBuildFile; fileRef = F54060E61C60871B00B44939 /* sampleJSON001Tests.swift */; };
		F54060F21C60871B00B44939 /* sampleJSON001UITests.swift in Sources */ = {isa = PBXBuildFile; fileRef = F54060F11C60871B00B44939 /* sampleJSON001UITests.swift */; };
		F54061021C6087A200B44939 /* json.txt in Resources */ = {isa = PBXBuildFile; fileRef = F54061011C6087A200B44939 /* json.txt */; };
/* End PBXBuildFile section */

/* Begin PBXContainerItemProxy section */
		F54060E31C60871B00B44939 /* PBXContainerItemProxy */ = {
			isa = PBXContainerItemProxy;
			containerPortal = F54060C61C60871B00B44939 /* Project object */;
			proxyType = 1;
			remoteGlobalIDString = F54060CD1C60871B00B44939;
			remoteInfo = sampleJSON001;
		};
		F54060EE1C60871B00B44939 /* PBXContainerItemProxy */ = {
			isa = PBXContainerItemProxy;
			containerPortal = F54060C61C60871B00B44939 /* Project object */;
			proxyType = 1;
			remoteGlobalIDString = F54060CD1C60871B00B44939;
			remoteInfo = sampleJSON001;
		};
/* End PBXContainerItemProxy section */

/* Begin PBXFileReference section */
		F54060CE1C60871B00B44939 /* sampleJSON001.app */ = {isa = PBXFileReference; explicitFileType = wrapper.application; includeInIndex = 0; path = sampleJSON001.app; sourceTree = BUILT_PRODUCTS_DIR; };
		F54060D11C60871B00B44939 /* AppDelegate.swift */ = {isa = PBXFileReference; lastKnownFileType = sourcecode.swift; path = AppDelegate.swift; sourceTree = "<group>"; };
		F54060D31C60871B00B44939 /* ViewController.swift */ = {isa = PBXFileReference; lastKnownFileType = sourcecode.swift; path = ViewController.swift; sourceTree = "<group>"; };
		F54060D61C60871B00B44939 /* Base */ = {isa = PBXFileReference; lastKnownFileType = file.storyboard; name = Base; path = Base.lproj/Main.storyboard; sourceTree = "<group>"; };
		F54060D81C60871B00B44939 /* Assets.xcassets */ = {isa = PBXFileReference; lastKnownFileType = folder.assetcatalog; path = Assets.xcassets; sourceTree = "<group>"; };
		F54060DB1C60871B00B44939 /* Base */ = {isa = PBXFileReference; lastKnownFileType = file.storyboard; name = Base; path = Base.lproj/LaunchScreen.storyboard; sourceTree = "<group>"; };
		F54060DD1C60871B00B44939 /* Info.plist */ = {isa = PBXFileReference; lastKnownFileType = text.plist.xml; path = Info.plist; sourceTree = "<group>"; };
		F54060E21C60871B00B44939 /* sampleJSON001Tests.xctest */ = {isa = PBXFileReference; explicitFileType = wrapper.cfbundle; includeInIndex = 0; path = sampleJSON001Tests.xctest; sourceTree = BUILT_PRODUCTS_DIR; };
		F54060E61C60871B00B44939 /* sampleJSON001Tests.swift */ = {isa = PBXFileReference; lastKnownFileType = sourcecode.swift; path = sampleJSON001Tests.swift; sourceTree = "<group>"; };
		F54060E81C60871B00B44939 /* Info.plist */ = {isa = PBXFileReference; lastKnownFileType = text.plist.xml; path = Info.plist; sourceTree = "<group>"; };
		F54060ED1C60871B00B44939 /* sampleJSON001UITests.xctest */ = {isa = PBXFileReference; explicitFileType = wrapper.cfbundle; includeInIndex = 0; path = sampleJSON001UITests.xctest; sourceTree = BUILT_PRODUCTS_DIR; };
		F54060F11C60871B00B44939 /* sampleJSON001UITests.swift */ = {isa = PBXFileReference; lastKnownFileType = sourcecode.swift; path = sampleJSON001UITests.swift; sourceTree = "<group>"; };
		F54060F31C60871B00B44939 /* Info.plist */ = {isa = PBXFileReference; lastKnownFileType = text.plist.xml; path = Info.plist; sourceTree = "<group>"; };
		F54061011C6087A200B44939 /* json.txt */ = {isa = PBXFileReference; fileEncoding = 4; lastKnownFileType = text; path = json.txt; sourceTree = "<group>"; };
/* End PBXFileReference section */

/* Begin PBXFrameworksBuildPhase section */
		F54060CB1C60871B00B44939 /* Frameworks */ = {
			isa = PBXFrameworksBuildPhase;
			buildActionMask = 2147483647;
			files = (
			);
			runOnlyForDeploymentPostprocessing = 0;
		};
		F54060DF1C60871B00B44939 /* Frameworks */ = {
			isa = PBXFrameworksBuildPhase;
			buildActionMask = 2147483647;
			files = (
			);
			runOnlyForDeploymentPostprocessing = 0;
		};
		F54060EA1C60871B00B44939 /* Frameworks */ = {
			isa = PBXFrameworksBuildPhase;
			buildActionMask = 2147483647;
			files = (
			);
			runOnlyForDeploymentPostprocessing = 0;
		};
/* End PBXFrameworksBuildPhase section */

/* Begin PBXGroup section */
		F54060C51C60871B00B44939 = {
			isa = PBXGroup;
			children = (
				F54060D01C60871B00B44939 /* sampleJSON001 */,
				F54060E51C60871B00B44939 /* sampleJSON001Tests */,
				F54060F01C60871B00B44939 /* sampleJSON001UITests */,
				F54060CF1C60871B00B44939 /* Products */,
			);
			sourceTree = "<group>";
		};
		F54060CF1C60871B00B44939 /* Products */ = {
			isa = PBXGroup;
			children = (
				F54060CE1C60871B00B44939 /* sampleJSON001.app */,
				F54060E21C60871B00B44939 /* sampleJSON001Tests.xctest */,
				F54060ED1C60871B00B44939 /* sampleJSON001UITests.xctest */,
			);
			name = Products;
			sourceTree = "<group>";
		};
		F54060D01C60871B00B44939 /* sampleJSON001 */ = {
			isa = PBXGroup;
			children = (
				F54060D11C60871B00B44939 /* AppDelegate.swift */,
				F54060D31C60871B00B44939 /* ViewController.swift */,
				F54060D51C60871B00B44939 /* Main.storyboard */,
				F54061011C6087A200B44939 /* json.txt */,
				F54060D81C60871B00B44939 /* Assets.xcassets */,
				F54060DA1C60871B00B44939 /* LaunchScreen.storyboard */,
				F54060DD1C60871B00B44939 /* Info.plist */,
			);
			path = sampleJSON001;
			sourceTree = "<group>";
		};
		F54060E51C60871B00B44939 /* sampleJSON001Tests */ = {
			isa = PBXGroup;
			children = (
				F54060E61C60871B00B44939 /* sampleJSON001Tests.swift */,
				F54060E81C60871B00B44939 /* Info.plist */,
			);
			path = sampleJSON001Tests;
			sourceTree = "<group>";
		};
		F54060F01C60871B00B44939 /* sampleJSON001UITests */ = {
			isa = PBXGroup;
			children = (
				F54060F11C60871B00B44939 /* sampleJSON001UITests.swift */,
				F54060F31C60871B00B44939 /* Info.plist */,
			);
			path = sampleJSON001UITests;
			sourceTree = "<group>";
		};
/* End PBXGroup section */

/* Begin PBXNativeTarget section */
		F54060CD1C60871B00B44939 /* sampleJSON001 */ = {
			isa = PBXNativeTarget;
			buildConfigurationList = F54060F61C60871B00B44939 /* Build configuration list for PBXNativeTarget "sampleJSON001" */;
			buildPhases = (
				F54060CA1C60871B00B44939 /* Sources */,
				F54060CB1C60871B00B44939 /* Frameworks */,
				F54060CC1C60871B00B44939 /* Resources */,
			);
			buildRules = (
			);
			dependencies = (
			);
			name = sampleJSON001;
			productName = sampleJSON001;
			productReference = F54060CE1C60871B00B44939 /* sampleJSON001.app */;
			productType = "com.apple.product-type.application";
		};
		F54060E11C60871B00B44939 /* sampleJSON001Tests */ = {
			isa = PBXNativeTarget;
			buildConfigurationList = F54060F91C60871B00B44939 /* Build configuration list for PBXNativeTarget "sampleJSON001Tests" */;
			buildPhases = (
				F54060DE1C60871B00B44939 /* Sources */,
				F54060DF1C60871B00B44939 /* Frameworks */,
				F54060E01C60871B00B44939 /* Resources */,
			);
			buildRules = (
			);
			dependencies = (
				F54060E41C60871B00B44939 /* PBXTargetDependency */,
			);
			name = sampleJSON001Tests;
			productName = sampleJSON001Tests;
			productReference = F54060E21C60871B00B44939 /* sampleJSON001Tests.xctest */;
			productType = "com.apple.product-type.bundle.unit-test";
		};
		F54060EC1C60871B00B44939 /* sampleJSON001UITests */ = {
			isa = PBXNativeTarget;
			buildConfigurationList = F54060FC1C60871B00B44939 /* Build configuration list for PBXNativeTarget "sampleJSON001UITests" */;
			buildPhases = (
				F54060E91C60871B00B44939 /* Sources */,
				F54060EA1C60871B00B44939 /* Frameworks */,
				F54060EB1C60871B00B44939 /* Resources */,
			);
			buildRules = (
			);
			dependencies = (
				F54060EF1C60871B00B44939 /* PBXTargetDependency */,
			);
			name = sampleJSON001UITests;
			productName = sampleJSON001UITests;
			productReference = F54060ED1C60871B00B44939 /* sampleJSON001UITests.xctest */;
			productType = "com.apple.product-type.bundle.ui-testing";
		};
/* End PBXNativeTarget section */

/* Begin PBXProject section */
		F54060C61C60871B00B44939 /* Project object */ = {
			isa = PBXProject;
			attributes = {
				LastSwiftUpdateCheck = 0720;
				LastUpgradeCheck = 0720;
				ORGANIZATIONNAME = "Hiroki Shimada";
				TargetAttributes = {
					F54060CD1C60871B00B44939 = {
						CreatedOnToolsVersion = 7.2;
					};
					F54060E11C60871B00B44939 = {
						CreatedOnToolsVersion = 7.2;
						TestTargetID = F54060CD1C60871B00B44939;
					};
					F54060EC1C60871B00B44939 = {
						CreatedOnToolsVersion = 7.2;
						TestTargetID = F54060CD1C60871B00B44939;
					};
				};
			};
			buildConfigurationList = F54060C91C60871B00B44939 /* Build configuration list for PBXProject "sampleJSON001" */;
			compatibilityVersion = "Xcode 3.2";
			developmentRegion = English;
			hasScannedForEncodings = 0;
			knownRegions = (
				en,
				Base,
			);
			mainGroup = F54060C51C60871B00B44939;
			productRefGroup = F54060CF1C60871B00B44939 /* Products */;
			projectDirPath = "";
			projectRoot = "";
			targets = (
				F54060CD1C60871B00B44939 /* sampleJSON001 */,
				F54060E11C60871B00B44939 /* sampleJSON001Tests */,
				F54060EC1C60871B00B44939 /* sampleJSON001UITests */,
			);
		};
/* End PBXProject section */

/* Begin PBXResourcesBuildPhase section */
		F54060CC1C60871B00B44939 /* Resources */ = {
			isa = PBXResourcesBuildPhase;
			buildActionMask = 2147483647;
			files = (
				F54061021C6087A200B44939 /* json.txt in Resources */,
				F54060DC1C60871B00B44939 /* LaunchScreen.storyboard in Resources */,
				F54060D91C60871B00B44939 /* Assets.xcassets in Resources */,
				F54060D71C60871B00B44939 /* Main.storyboard in Resources */,
			);
			runOnlyForDeploymentPostprocessing = 0;
		};
		F54060E01C60871B00B44939 /* Resources */ = {
			isa = PBXResourcesBuildPhase;
			buildActionMask = 2147483647;
			files = (
			);
			runOnlyForDeploymentPostprocessing = 0;
		};
		F54060EB1C60871B00B44939 /* Resources */ = {
			isa = PBXResourcesBuildPhase;
			buildActionMask = 2147483647;
			files = (
			);
			runOnlyForDeploymentPostprocessing = 0;
		};
/* End PBXResourcesBuildPhase section */

/* Begin PBXSourcesBuildPhase section */
		F54060CA1C60871B00B44939 /* Sources */ = {
			isa = PBXSourcesBuildPhase;
			buildActionMask = 2147483647;
			files = (
				F54060D41C60871B00B44939 /* ViewController.swift in Sources */,
				F54060D21C60871B00B44939 /* AppDelegate.swift in Sources */,
			);
			runOnlyForDeploymentPostprocessing = 0;
		};
		F54060DE1C60871B00B44939 /* Sources */ = {
			isa = PBXSourcesBuildPhase;
			buildActionMask = 2147483647;
			files = (
				F54060E71C60871B00B44939 /* sampleJSON001Tests.swift in Sources */,
			);
			runOnlyForDeploymentPostprocessing = 0;
		};
		F54060E91C60871B00B44939 /* Sources */ = {
			isa = PBXSourcesBuildPhase;
			buildActionMask = 2147483647;
			files = (
				F54060F21C60871B00B44939 /* sampleJSON001UITests.swift in Sources */,
			);
			runOnlyForDeploymentPostprocessing = 0;
		};
/* End PBXSourcesBuildPhase section */

/* Begin PBXTargetDependency section */
		F54060E41C60871B00B44939 /* PBXTargetDependency */ = {
			isa = PBXTargetDependency;
			target = F54060CD1C60871B00B44939 /* sampleJSON001 */;
			targetProxy = F54060E31C60871B00B44939 /* PBXContainerItemProxy */;
		};
		F54060EF1C60871B00B44939 /* PBXTargetDependency */ = {
			isa = PBXTargetDependency;
			target = F54060CD1C60871B00B44939 /* sampleJSON001 */;
			targetProxy = F54060EE1C60871B00B44939 /* PBXContainerItemProxy */;
		};
/* End PBXTargetDependency section */

/* Begin PBXVariantGroup section */
		F54060D51C60871B00B44939 /* Main.storyboard */ = {
			isa = PBXVariantGroup;
			children = (
				F54060D61C60871B00B44939 /* Base */,
			);
			name = Main.storyboard;
			sourceTree = "<group>";
		};
		F54060DA1C60871B00B44939 /* LaunchScreen.storyboard */ = {
			isa = PBXVariantGroup;
			children = (
				F54060DB1C60871B00B44939 /* Base */,
			);
			name = LaunchScreen.storyboard;
			sourceTree = "<group>";
		};
/* End PBXVariantGroup section */

/* Begin XCBuildConfiguration section */
		F54060F41C60871B00B44939 /* Debug */ = {
			isa = XCBuildConfiguration;
			buildSettings = {
				ALWAYS_SEARCH_USER_PATHS = NO;
				CLANG_CXX_LANGUAGE_STANDARD = "gnu++0x";
				CLANG_CXX_LIBRARY = "libc++";
				CLANG_ENABLE_MODULES = YES;
				CLANG_ENABLE_OBJC_ARC = YES;
				CLANG_WARN_BOOL_CONVERSION = YES;
				CLANG_WARN_CONSTANT_CONVERSION = YES;
				CLANG_WARN_DIRECT_OBJC_ISA_USAGE = YES_ERROR;
				CLANG_WARN_EMPTY_BODY = YES;
				CLANG_WARN_ENUM_CONVERSION = YES;
				CLANG_WARN_INT_CONVERSION = YES;
				CLANG_WARN_OBJC_ROOT_CLASS = YES_ERROR;
				CLANG_WARN_UNREACHABLE_CODE = YES;
				CLANG_WARN__DUPLICATE_METHOD_MATCH = YES;
				"CODE_SIGN_IDENTITY[sdk=iphoneos*]" = "iPhone Developer";
				COPY_PHASE_STRIP = NO;
				DEBUG_INFORMATION_FORMAT = dwarf;
				ENABLE_STRICT_OBJC_MSGSEND = YES;
				ENABLE_TESTABILITY = YES;
				GCC_C_LANGUAGE_STANDARD = gnu99;
				GCC_DYNAMIC_NO_PIC = NO;
				GCC_NO_COMMON_BLOCKS = YES;
				GCC_OPTIMIZATION_LEVEL = 0;
				GCC_PREPROCESSOR_DEFINITIONS = (
					"DEBUG=1",
					"$(inherited)",
				);
				GCC_WARN_64_TO_32_BIT_CONVERSION = YES;
				GCC_WARN_ABOUT_RETURN_TYPE = YES_ERROR;
				GCC_WARN_UNDECLARED_SELECTOR = YES;
				GCC_WARN_UNINITIALIZED_AUTOS = YES_AGGRESSIVE;
				GCC_WARN_UNUSED_FUNCTION = YES;
				GCC_WARN_UNUSED_VARIABLE = YES;
				IPHONEOS_DEPLOYMENT_TARGET = 9.2;
				MTL_ENABLE_DEBUG_INFO = YES;
				ONLY_ACTIVE_ARCH = YES;
				SDKROOT = iphoneos;
				SWIFT_OPTIMIZATION_LEVEL = "-Onone";
			};
			name = Debug;
		};
		F54060F51C60871B00B44939 /* Release */ = {
			isa = XCBuildConfiguration;
			buildSettings = {
				ALWAYS_SEARCH_USER_PATHS = NO;
				CLANG_CXX_LANGUAGE_STANDARD = "gnu++0x";
				CLANG_CXX_LIBRARY = "libc++";
				CLANG_ENABLE_MODULES = YES;
				CLANG_ENABLE_OBJC_ARC = YES;
				CLANG_WARN_BOOL_CONVERSION = YES;
				CLANG_WARN_CONSTANT_CONVERSION = YES;
				CLANG_WARN_DIRECT_OBJC_ISA_USAGE = YES_ERROR;
				CLANG_WARN_EMPTY_BODY = YES;
				CLANG_WARN_ENUM_CONVERSION = YES;
				CLANG_WARN_INT_CONVERSION = YES;
				CLANG_WARN_OBJC_ROOT_CLASS = YES_ERROR;
				CLANG_WARN_UNREACHABLE_CODE = YES;
				CLANG_WARN__DUPLICATE_METHOD_MATCH = YES;
				"CODE_SIGN_IDENTITY[sdk=iphoneos*]" = "iPhone Developer";
				COPY_PHASE_STRIP = NO;
				DEBUG_INFORMATION_FORMAT = "dwarf-with-dsym";
				ENABLE_NS_ASSERTIONS = NO;
				ENABLE_STRICT_OBJC_MSGSEND = YES;
				GCC_C_LANGUAGE_STANDARD = gnu99;
				GCC_NO_COMMON_BLOCKS = YES;
				GCC_WARN_64_TO_32_BIT_CONVERSION = YES;
				GCC_WARN_ABOUT_RETURN_TYPE = YES_ERROR;
				GCC_WARN_UNDECLARED_SELECTOR = YES;
				GCC_WARN_UNINITIALIZED_AUTOS = YES_AGGRESSIVE;
				GCC_WARN_UNUSED_FUNCTION = YES;
				GCC_WARN_UNUSED_VARIABLE = YES;
				IPHONEOS_DEPLOYMENT_TARGET = 9.2;
				MTL_ENABLE_DEBUG_INFO = NO;
				SDKROOT = iphoneos;
				VALIDATE_PRODUCT = YES;
			};
			name = Release;
		};
		F54060F71C60871B00B44939 /* Debug */ = {
			isa = XCBuildConfiguration;
			buildSettings = {
				ASSETCATALOG_COMPILER_APPICON_NAME = AppIcon;
				INFOPLIST_FILE = sampleJSON001/Info.plist;
				LD_RUNPATH_SEARCH_PATHS = "$(inherited) @executable_path/Frameworks";
				PRODUCT_BUNDLE_IDENTIFIER = com.hirokishimada.sampleJSON001;
				PRODUCT_NAME = "$(TARGET_NAME)";
			};
			name = Debug;
		};
		F54060F81C60871B00B44939 /* Release */ = {
			isa = XCBuildConfiguration;
			buildSettings = {
				ASSETCATALOG_COMPILER_APPICON_NAME = AppIcon;
				INFOPLIST_FILE = sampleJSON001/Info.plist;
				LD_RUNPATH_SEARCH_PATHS = "$(inherited) @executable_path/Frameworks";
				PRODUCT_BUNDLE_IDENTIFIER = com.hirokishimada.sampleJSON001;
				PRODUCT_NAME = "$(TARGET_NAME)";
			};
			name = Release;
		};
		F54060FA1C60871B00B44939 /* Debug */ = {
			isa = XCBuildConfiguration;
			buildSettings = {
				BUNDLE_LOADER = "$(TEST_HOST)";
				INFOPLIST_FILE = sampleJSON001Tests/Info.plist;
				LD_RUNPATH_SEARCH_PATHS = "$(inherited) @executable_path/Frameworks @loader_path/Frameworks";
				PRODUCT_BUNDLE_IDENTIFIER = com.hirokishimada.sampleJSON001Tests;
				PRODUCT_NAME = "$(TARGET_NAME)";
				TEST_HOST = "$(BUILT_PRODUCTS_DIR)/sampleJSON001.app/sampleJSON001";
			};
			name = Debug;
		};
		F54060FB1C60871B00B44939 /* Release */ = {
			isa = XCBuildConfiguration;
			buildSettings = {
				BUNDLE_LOADER = "$(TEST_HOST)";
				INFOPLIST_FILE = sampleJSON001Tests/Info.plist;
				LD_RUNPATH_SEARCH_PATHS = "$(inherited) @executable_path/Frameworks @loader_path/Frameworks";
				PRODUCT_BUNDLE_IDENTIFIER = com.hirokishimada.sampleJSON001Tests;
				PRODUCT_NAME = "$(TARGET_NAME)";
				TEST_HOST = "$(BUILT_PRODUCTS_DIR)/sampleJSON001.app/sampleJSON001";
			};
			name = Release;
		};
		F54060FD1C60871B00B44939 /* Debug */ = {
			isa = XCBuildConfiguration;
			buildSettings = {
				INFOPLIST_FILE = sampleJSON001UITests/Info.plist;
				LD_RUNPATH_SEARCH_PATHS = "$(inherited) @executable_path/Frameworks @loader_path/Frameworks";
				PRODUCT_BUNDLE_IDENTIFIER = com.hirokishimada.sampleJSON001UITests;
				PRODUCT_NAME = "$(TARGET_NAME)";
				TEST_TARGET_NAME = sampleJSON001;
				USES_XCTRUNNER = YES;
			};
			name = Debug;
		};
		F54060FE1C60871B00B44939 /* Release */ = {
			isa = XCBuildConfiguration;
			buildSettings = {
				INFOPLIST_FILE = sampleJSON001UITests/Info.plist;
				LD_RUNPATH_SEARCH_PATHS = "$(inherited) @executable_path/Frameworks @loader_path/Frameworks";
				PRODUCT_BUNDLE_IDENTIFIER = com.hirokishimada.sampleJSON001UITests;
				PRODUCT_NAME = "$(TARGET_NAME)";
				TEST_TARGET_NAME = sampleJSON001;
				USES_XCTRUNNER = YES;
			};
			name = Release;
		};
/* End XCBuildConfiguration section */

/* Begin XCConfigurationList section */
		F54060C91C60871B00B44939 /* Build configuration list for PBXProject "sampleJSON001" */ = {
			isa = XCConfigurationList;
			buildConfigurations = (
				F54060F41C60871B00B44939 /* Debug */,
				F54060F51C60871B00B44939 /* Release */,
			);
			defaultConfigurationIsVisible = 0;
			defaultConfigurationName = Release;
		};
		F54060F61C60871B00B44939 /* Build configuration list for PBXNativeTarget "sampleJSON001" */ = {
			isa = XCConfigurationList;
			buildConfigurations = (
				F54060F71C60871B00B44939 /* Debug */,
				F54060F81C60871B00B44939 /* Release */,
			);
			defaultConfigurationIsVisible = 0;
		};
		F54060F91C60871B00B44939 /* Build configuration list for PBXNativeTarget "sampleJSON001Tests" */ = {
			isa = XCConfigurationList;
			buildConfigurations = (
				F54060FA1C60871B00B44939 /* Debug */,
				F54060FB1C60871B00B44939 /* Release */,
			);
			defaultConfigurationIsVisible = 0;
		};
		F54060FC1C60871B00B44939 /* Build configuration list for PBXNativeTarget "sampleJSON001UITests" */ = {
			isa = XCConfigurationList;
			buildConfigurations = (
				F54060FD1C60871B00B44939 /* Debug */,
				F54060FE1C60871B00B44939 /* Release */,
			);
			defaultConfigurationIsVisible = 0;
		};
/* End XCConfigurationList section */
	};
	rootObject = F54060C61C60871B00B44939 /* Project object */;
}
